// !$*UTF8*$!
{
	archiveVersion = 1;
	classes = {
	};
	objectVersion = 56;
	objects = {

/* Begin PBXBuildFile section */
		0417F50D2BF537BC00EEFF53 /* AQICardView.swift in Sources */ = {isa = PBXBuildFile; fileRef = 0417F50C2BF537BC00EEFF53 /* AQICardView.swift */; };
		04F3E0B52BF3F4FC00C63A67 /* AppDelegate.swift in Sources */ = {isa = PBXBuildFile; fileRef = 04F3E0B42BF3F4FC00C63A67 /* AppDelegate.swift */; };
		04F3E0B72BF3F4FC00C63A67 /* SceneDelegate.swift in Sources */ = {isa = PBXBuildFile; fileRef = 04F3E0B62BF3F4FC00C63A67 /* SceneDelegate.swift */; };
		04F3E0B92BF3F4FC00C63A67 /* ViewController.swift in Sources */ = {isa = PBXBuildFile; fileRef = 04F3E0B82BF3F4FC00C63A67 /* ViewController.swift */; };
		04F3E0BE2BF3F4FD00C63A67 /* Assets.xcassets in Resources */ = {isa = PBXBuildFile; fileRef = 04F3E0BD2BF3F4FD00C63A67 /* Assets.xcassets */; };
		04F3E0C12BF3F4FD00C63A67 /* Base in Resources */ = {isa = PBXBuildFile; fileRef = 04F3E0C02BF3F4FD00C63A67 /* Base */; };
		04F3E0CC2BF3F4FD00C63A67 /* FreshAirTests.swift in Sources */ = {isa = PBXBuildFile; fileRef = 04F3E0CB2BF3F4FD00C63A67 /* FreshAirTests.swift */; };
		04F3E0D62BF3F4FD00C63A67 /* FreshAirUITests.swift in Sources */ = {isa = PBXBuildFile; fileRef = 04F3E0D52BF3F4FD00C63A67 /* FreshAirUITests.swift */; };
		04F3E0D82BF3F4FD00C63A67 /* FreshAirUITestsLaunchTests.swift in Sources */ = {isa = PBXBuildFile; fileRef = 04F3E0D72BF3F4FD00C63A67 /* FreshAirUITestsLaunchTests.swift */; };
		04F3E0EF2BF442A900C63A67 /* AirData.swift in Sources */ = {isa = PBXBuildFile; fileRef = 04F3E0EE2BF442A900C63A67 /* AirData.swift */; };
		04F3E0F12BF442DC00C63A67 /* Attribution.swift in Sources */ = {isa = PBXBuildFile; fileRef = 04F3E0F02BF442DC00C63A67 /* Attribution.swift */; };
		04F3E0F32BF4432D00C63A67 /* City.swift in Sources */ = {isa = PBXBuildFile; fileRef = 04F3E0F22BF4432D00C63A67 /* City.swift */; };
		04F3E0F52BF4436800C63A67 /* IAQI.swift in Sources */ = {isa = PBXBuildFile; fileRef = 04F3E0F42BF4436800C63A67 /* IAQI.swift */; };
		04F3E0F72BF4442A00C63A67 /* TimeInfo.swift in Sources */ = {isa = PBXBuildFile; fileRef = 04F3E0F62BF4442A00C63A67 /* TimeInfo.swift */; };
		04F3E0F92BF4448300C63A67 /* Forecast.swift in Sources */ = {isa = PBXBuildFile; fileRef = 04F3E0F82BF4448300C63A67 /* Forecast.swift */; };
		04F3E0FB2BF444AE00C63A67 /* DailyForecast.swift in Sources */ = {isa = PBXBuildFile; fileRef = 04F3E0FA2BF444AE00C63A67 /* DailyForecast.swift */; };
		04F3E0FE2BF4472000C63A67 /* AirDataFetcher.swift in Sources */ = {isa = PBXBuildFile; fileRef = 04F3E0FD2BF4472000C63A67 /* AirDataFetcher.swift */; };
		04F3E1032BF4869B00C63A67 /* AirQualityDataService.swift in Sources */ = {isa = PBXBuildFile; fileRef = 04F3E1022BF4869B00C63A67 /* AirQualityDataService.swift */; };
/* End PBXBuildFile section */

/* Begin PBXContainerItemProxy section */
		04F3E0C82BF3F4FD00C63A67 /* PBXContainerItemProxy */ = {
			isa = PBXContainerItemProxy;
			containerPortal = 04F3E0A92BF3F4FC00C63A67 /* Project object */;
			proxyType = 1;
			remoteGlobalIDString = 04F3E0B02BF3F4FC00C63A67;
			remoteInfo = FreshAir;
		};
		04F3E0D22BF3F4FD00C63A67 /* PBXContainerItemProxy */ = {
			isa = PBXContainerItemProxy;
			containerPortal = 04F3E0A92BF3F4FC00C63A67 /* Project object */;
			proxyType = 1;
			remoteGlobalIDString = 04F3E0B02BF3F4FC00C63A67;
			remoteInfo = FreshAir;
		};
/* End PBXContainerItemProxy section */

/* Begin PBXFileReference section */
		0417F50C2BF537BC00EEFF53 /* AQICardView.swift */ = {isa = PBXFileReference; lastKnownFileType = sourcecode.swift; name = AQICardView.swift; path = FreshAir/Core/Root/View/AQICardView.swift; sourceTree = SOURCE_ROOT; };
		04F3E0B12BF3F4FC00C63A67 /* FreshAir.app */ = {isa = PBXFileReference; explicitFileType = wrapper.application; includeInIndex = 0; path = FreshAir.app; sourceTree = BUILT_PRODUCTS_DIR; };
		04F3E0B42BF3F4FC00C63A67 /* AppDelegate.swift */ = {isa = PBXFileReference; lastKnownFileType = sourcecode.swift; path = AppDelegate.swift; sourceTree = "<group>"; };
		04F3E0B62BF3F4FC00C63A67 /* SceneDelegate.swift */ = {isa = PBXFileReference; lastKnownFileType = sourcecode.swift; path = SceneDelegate.swift; sourceTree = "<group>"; };
		04F3E0B82BF3F4FC00C63A67 /* ViewController.swift */ = {isa = PBXFileReference; lastKnownFileType = sourcecode.swift; path = ViewController.swift; sourceTree = "<group>"; };
		04F3E0BD2BF3F4FD00C63A67 /* Assets.xcassets */ = {isa = PBXFileReference; lastKnownFileType = folder.assetcatalog; path = Assets.xcassets; sourceTree = "<group>"; };
		04F3E0C02BF3F4FD00C63A67 /* Base */ = {isa = PBXFileReference; lastKnownFileType = file.storyboard; name = Base; path = Base.lproj/LaunchScreen.storyboard; sourceTree = "<group>"; };
		04F3E0C22BF3F4FD00C63A67 /* Info.plist */ = {isa = PBXFileReference; lastKnownFileType = text.plist.xml; path = Info.plist; sourceTree = "<group>"; };
		04F3E0C72BF3F4FD00C63A67 /* FreshAirTests.xctest */ = {isa = PBXFileReference; explicitFileType = wrapper.cfbundle; includeInIndex = 0; path = FreshAirTests.xctest; sourceTree = BUILT_PRODUCTS_DIR; };
		04F3E0CB2BF3F4FD00C63A67 /* FreshAirTests.swift */ = {isa = PBXFileReference; lastKnownFileType = sourcecode.swift; path = FreshAirTests.swift; sourceTree = "<group>"; };
		04F3E0D12BF3F4FD00C63A67 /* FreshAirUITests.xctest */ = {isa = PBXFileReference; explicitFileType = wrapper.cfbundle; includeInIndex = 0; path = FreshAirUITests.xctest; sourceTree = BUILT_PRODUCTS_DIR; };
		04F3E0D52BF3F4FD00C63A67 /* FreshAirUITests.swift */ = {isa = PBXFileReference; lastKnownFileType = sourcecode.swift; path = FreshAirUITests.swift; sourceTree = "<group>"; };
		04F3E0D72BF3F4FD00C63A67 /* FreshAirUITestsLaunchTests.swift */ = {isa = PBXFileReference; lastKnownFileType = sourcecode.swift; path = FreshAirUITestsLaunchTests.swift; sourceTree = "<group>"; };
		04F3E0EE2BF442A900C63A67 /* AirData.swift */ = {isa = PBXFileReference; lastKnownFileType = sourcecode.swift; path = AirData.swift; sourceTree = "<group>"; };
		04F3E0F02BF442DC00C63A67 /* Attribution.swift */ = {isa = PBXFileReference; lastKnownFileType = sourcecode.swift; path = Attribution.swift; sourceTree = "<group>"; };
		04F3E0F22BF4432D00C63A67 /* City.swift */ = {isa = PBXFileReference; lastKnownFileType = sourcecode.swift; path = City.swift; sourceTree = "<group>"; };
		04F3E0F42BF4436800C63A67 /* IAQI.swift */ = {isa = PBXFileReference; lastKnownFileType = sourcecode.swift; path = IAQI.swift; sourceTree = "<group>"; };
		04F3E0F62BF4442A00C63A67 /* TimeInfo.swift */ = {isa = PBXFileReference; lastKnownFileType = sourcecode.swift; path = TimeInfo.swift; sourceTree = "<group>"; };
		04F3E0F82BF4448300C63A67 /* Forecast.swift */ = {isa = PBXFileReference; lastKnownFileType = sourcecode.swift; path = Forecast.swift; sourceTree = "<group>"; };
		04F3E0FA2BF444AE00C63A67 /* DailyForecast.swift */ = {isa = PBXFileReference; lastKnownFileType = sourcecode.swift; path = DailyForecast.swift; sourceTree = "<group>"; };
		04F3E0FD2BF4472000C63A67 /* AirDataFetcher.swift */ = {isa = PBXFileReference; lastKnownFileType = sourcecode.swift; path = AirDataFetcher.swift; sourceTree = "<group>"; };
		04F3E1022BF4869B00C63A67 /* AirQualityDataService.swift */ = {isa = PBXFileReference; lastKnownFileType = sourcecode.swift; path = AirQualityDataService.swift; sourceTree = "<group>"; };
/* End PBXFileReference section */

/* Begin PBXFrameworksBuildPhase section */
		04F3E0AE2BF3F4FC00C63A67 /* Frameworks */ = {
			isa = PBXFrameworksBuildPhase;
			buildActionMask = 2147483647;
			files = (
			);
			runOnlyForDeploymentPostprocessing = 0;
		};
		04F3E0C42BF3F4FD00C63A67 /* Frameworks */ = {
			isa = PBXFrameworksBuildPhase;
			buildActionMask = 2147483647;
			files = (
			);
			runOnlyForDeploymentPostprocessing = 0;
		};
		04F3E0CE2BF3F4FD00C63A67 /* Frameworks */ = {
			isa = PBXFrameworksBuildPhase;
			buildActionMask = 2147483647;
			files = (
			);
			runOnlyForDeploymentPostprocessing = 0;
		};
/* End PBXFrameworksBuildPhase section */

/* Begin PBXGroup section */
		04F3E0A82BF3F4FC00C63A67 = {
			isa = PBXGroup;
			children = (
				04F3E0B32BF3F4FC00C63A67 /* FreshAir */,
				04F3E0CA2BF3F4FD00C63A67 /* FreshAirTests */,
				04F3E0D42BF3F4FD00C63A67 /* FreshAirUITests */,
				04F3E0B22BF3F4FC00C63A67 /* Products */,
			);
			sourceTree = "<group>";
		};
		04F3E0B22BF3F4FC00C63A67 /* Products */ = {
			isa = PBXGroup;
			children = (
				04F3E0B12BF3F4FC00C63A67 /* FreshAir.app */,
				04F3E0C72BF3F4FD00C63A67 /* FreshAirTests.xctest */,
				04F3E0D12BF3F4FD00C63A67 /* FreshAirUITests.xctest */,
			);
			name = Products;
			sourceTree = "<group>";
		};
		04F3E0B32BF3F4FC00C63A67 /* FreshAir */ = {
			isa = PBXGroup;
			children = (
				04F3E0E42BF3F5C600C63A67 /* Application */,
				04F3E0E52BF3F5E200C63A67 /* Core */,
				04F3E0E72BF3F77900C63A67 /* Data */,
				04F3E0ED2BF4428000C63A67 /* Services */,
				04F3E0E82BF3F78900C63A67 /* Utility */,
				04F3E0BF2BF3F4FD00C63A67 /* LaunchScreen.storyboard */,
				04F3E0BD2BF3F4FD00C63A67 /* Assets.xcassets */,
				04F3E0C22BF3F4FD00C63A67 /* Info.plist */,
			);
			path = FreshAir;
			sourceTree = "<group>";
		};
		04F3E0CA2BF3F4FD00C63A67 /* FreshAirTests */ = {
			isa = PBXGroup;
			children = (
				04F3E0CB2BF3F4FD00C63A67 /* FreshAirTests.swift */,
			);
			path = FreshAirTests;
			sourceTree = "<group>";
		};
		04F3E0D42BF3F4FD00C63A67 /* FreshAirUITests */ = {
			isa = PBXGroup;
			children = (
				04F3E0D52BF3F4FD00C63A67 /* FreshAirUITests.swift */,
				04F3E0D72BF3F4FD00C63A67 /* FreshAirUITestsLaunchTests.swift */,
			);
			path = FreshAirUITests;
			sourceTree = "<group>";
		};
		04F3E0E42BF3F5C600C63A67 /* Application */ = {
			isa = PBXGroup;
			children = (
				04F3E0B42BF3F4FC00C63A67 /* AppDelegate.swift */,
				04F3E0B62BF3F4FC00C63A67 /* SceneDelegate.swift */,
			);
			path = Application;
			sourceTree = "<group>";
		};
		04F3E0E52BF3F5E200C63A67 /* Core */ = {
			isa = PBXGroup;
			children = (
				04F3E1012BF4867500C63A67 /* DataService */,
				04F3E0E62BF3F5EC00C63A67 /* Root */,
			);
			path = Core;
			sourceTree = "<group>";
		};
		04F3E0E62BF3F5EC00C63A67 /* Root */ = {
			isa = PBXGroup;
			children = (
				04F3E0EA2BF3F7B500C63A67 /* Controller */,
				04F3E0E92BF3F7AF00C63A67 /* View */,
			);
			path = Root;
			sourceTree = "<group>";
		};
		04F3E0E72BF3F77900C63A67 /* Data */ = {
			isa = PBXGroup;
			children = (
				04F3E0EE2BF442A900C63A67 /* AirData.swift */,
				04F3E0F02BF442DC00C63A67 /* Attribution.swift */,
				04F3E0F22BF4432D00C63A67 /* City.swift */,
				04F3E0FA2BF444AE00C63A67 /* DailyForecast.swift */,
				04F3E0F82BF4448300C63A67 /* Forecast.swift */,
				04F3E0F42BF4436800C63A67 /* IAQI.swift */,
				04F3E0F62BF4442A00C63A67 /* TimeInfo.swift */,
			);
			path = Data;
			sourceTree = "<group>";
		};
		04F3E0E82BF3F78900C63A67 /* Utility */ = {
			isa = PBXGroup;
			children = (
			);
			path = Utility;
			sourceTree = "<group>";
		};
		04F3E0E92BF3F7AF00C63A67 /* View */ = {
			isa = PBXGroup;
			children = (
				0417F50C2BF537BC00EEFF53 /* AQICardView.swift */,
			);
			path = View;
			sourceTree = "<group>";
		};
		04F3E0EA2BF3F7B500C63A67 /* Controller */ = {
			isa = PBXGroup;
			children = (
				04F3E0B82BF3F4FC00C63A67 /* ViewController.swift */,
			);
			path = Controller;
			sourceTree = "<group>";
		};
		04F3E0ED2BF4428000C63A67 /* Services */ = {
			isa = PBXGroup;
			children = (
				04F3E0FC2BF4470000C63A67 /* Network API */,
			);
			path = Services;
			sourceTree = "<group>";
		};
		04F3E0FC2BF4470000C63A67 /* Network API */ = {
			isa = PBXGroup;
			children = (
				04F3E0FD2BF4472000C63A67 /* AirDataFetcher.swift */,
			);
			path = "Network API";
			sourceTree = "<group>";
		};
		04F3E1012BF4867500C63A67 /* DataService */ = {
			isa = PBXGroup;
			children = (
				04F3E1022BF4869B00C63A67 /* AirQualityDataService.swift */,
			);
			path = DataService;
			sourceTree = "<group>";
		};
/* End PBXGroup section */

/* Begin PBXNativeTarget section */
		04F3E0B02BF3F4FC00C63A67 /* FreshAir */ = {
			isa = PBXNativeTarget;
			buildConfigurationList = 04F3E0DB2BF3F4FD00C63A67 /* Build configuration list for PBXNativeTarget "FreshAir" */;
			buildPhases = (
				04F3E0AD2BF3F4FC00C63A67 /* Sources */,
				04F3E0AE2BF3F4FC00C63A67 /* Frameworks */,
				04F3E0AF2BF3F4FC00C63A67 /* Resources */,
			);
			buildRules = (
			);
			dependencies = (
			);
			name = FreshAir;
			productName = FreshAir;
			productReference = 04F3E0B12BF3F4FC00C63A67 /* FreshAir.app */;
			productType = "com.apple.product-type.application";
		};
		04F3E0C62BF3F4FD00C63A67 /* FreshAirTests */ = {
			isa = PBXNativeTarget;
			buildConfigurationList = 04F3E0DE2BF3F4FD00C63A67 /* Build configuration list for PBXNativeTarget "FreshAirTests" */;
			buildPhases = (
				04F3E0C32BF3F4FD00C63A67 /* Sources */,
				04F3E0C42BF3F4FD00C63A67 /* Frameworks */,
				04F3E0C52BF3F4FD00C63A67 /* Resources */,
			);
			buildRules = (
			);
			dependencies = (
				04F3E0C92BF3F4FD00C63A67 /* PBXTargetDependency */,
			);
			name = FreshAirTests;
			productName = FreshAirTests;
			productReference = 04F3E0C72BF3F4FD00C63A67 /* FreshAirTests.xctest */;
			productType = "com.apple.product-type.bundle.unit-test";
		};
		04F3E0D02BF3F4FD00C63A67 /* FreshAirUITests */ = {
			isa = PBXNativeTarget;
			buildConfigurationList = 04F3E0E12BF3F4FD00C63A67 /* Build configuration list for PBXNativeTarget "FreshAirUITests" */;
			buildPhases = (
				04F3E0CD2BF3F4FD00C63A67 /* Sources */,
				04F3E0CE2BF3F4FD00C63A67 /* Frameworks */,
				04F3E0CF2BF3F4FD00C63A67 /* Resources */,
			);
			buildRules = (
			);
			dependencies = (
				04F3E0D32BF3F4FD00C63A67 /* PBXTargetDependency */,
			);
			name = FreshAirUITests;
			productName = FreshAirUITests;
			productReference = 04F3E0D12BF3F4FD00C63A67 /* FreshAirUITests.xctest */;
			productType = "com.apple.product-type.bundle.ui-testing";
		};
/* End PBXNativeTarget section */

/* Begin PBXProject section */
		04F3E0A92BF3F4FC00C63A67 /* Project object */ = {
			isa = PBXProject;
			attributes = {
				BuildIndependentTargetsInParallel = 1;
				LastSwiftUpdateCheck = 1530;
				LastUpgradeCheck = 1530;
				TargetAttributes = {
					04F3E0B02BF3F4FC00C63A67 = {
						CreatedOnToolsVersion = 15.3;
					};
					04F3E0C62BF3F4FD00C63A67 = {
						CreatedOnToolsVersion = 15.3;
						TestTargetID = 04F3E0B02BF3F4FC00C63A67;
					};
					04F3E0D02BF3F4FD00C63A67 = {
						CreatedOnToolsVersion = 15.3;
						TestTargetID = 04F3E0B02BF3F4FC00C63A67;
					};
				};
			};
			buildConfigurationList = 04F3E0AC2BF3F4FC00C63A67 /* Build configuration list for PBXProject "FreshAir" */;
			compatibilityVersion = "Xcode 14.0";
			developmentRegion = en;
			hasScannedForEncodings = 0;
			knownRegions = (
				en,
				Base,
			);
			mainGroup = 04F3E0A82BF3F4FC00C63A67;
			productRefGroup = 04F3E0B22BF3F4FC00C63A67 /* Products */;
			projectDirPath = "";
			projectRoot = "";
			targets = (
				04F3E0B02BF3F4FC00C63A67 /* FreshAir */,
				04F3E0C62BF3F4FD00C63A67 /* FreshAirTests */,
				04F3E0D02BF3F4FD00C63A67 /* FreshAirUITests */,
			);
		};
/* End PBXProject section */

/* Begin PBXResourcesBuildPhase section */
		04F3E0AF2BF3F4FC00C63A67 /* Resources */ = {
			isa = PBXResourcesBuildPhase;
			buildActionMask = 2147483647;
			files = (
				04F3E0BE2BF3F4FD00C63A67 /* Assets.xcassets in Resources */,
				04F3E0C12BF3F4FD00C63A67 /* Base in Resources */,
			);
			runOnlyForDeploymentPostprocessing = 0;
		};
		04F3E0C52BF3F4FD00C63A67 /* Resources */ = {
			isa = PBXResourcesBuildPhase;
			buildActionMask = 2147483647;
			files = (
			);
			runOnlyForDeploymentPostprocessing = 0;
		};
		04F3E0CF2BF3F4FD00C63A67 /* Resources */ = {
			isa = PBXResourcesBuildPhase;
			buildActionMask = 2147483647;
			files = (
			);
			runOnlyForDeploymentPostprocessing = 0;
		};
/* End PBXResourcesBuildPhase section */

/* Begin PBXSourcesBuildPhase section */
		04F3E0AD2BF3F4FC00C63A67 /* Sources */ = {
			isa = PBXSourcesBuildPhase;
			buildActionMask = 2147483647;
			files = (
				04F3E0B92BF3F4FC00C63A67 /* ViewController.swift in Sources */,
				04F3E0F52BF4436800C63A67 /* IAQI.swift in Sources */,
				04F3E0EF2BF442A900C63A67 /* AirData.swift in Sources */,
				04F3E1032BF4869B00C63A67 /* AirQualityDataService.swift in Sources */,
				0417F50D2BF537BC00EEFF53 /* AQICardView.swift in Sources */,
				04F3E0FB2BF444AE00C63A67 /* DailyForecast.swift in Sources */,
				04F3E0F92BF4448300C63A67 /* Forecast.swift in Sources */,
				04F3E0FE2BF4472000C63A67 /* AirDataFetcher.swift in Sources */,
				04F3E0F12BF442DC00C63A67 /* Attribution.swift in Sources */,
				04F3E0F72BF4442A00C63A67 /* TimeInfo.swift in Sources */,
				04F3E0B52BF3F4FC00C63A67 /* AppDelegate.swift in Sources */,
				04F3E0B72BF3F4FC00C63A67 /* SceneDelegate.swift in Sources */,
				04F3E0F32BF4432D00C63A67 /* City.swift in Sources */,
			);
			runOnlyForDeploymentPostprocessing = 0;
		};
		04F3E0C32BF3F4FD00C63A67 /* Sources */ = {
			isa = PBXSourcesBuildPhase;
			buildActionMask = 2147483647;
			files = (
				04F3E0CC2BF3F4FD00C63A67 /* FreshAirTests.swift in Sources */,
			);
			runOnlyForDeploymentPostprocessing = 0;
		};
		04F3E0CD2BF3F4FD00C63A67 /* Sources */ = {
			isa = PBXSourcesBuildPhase;
			buildActionMask = 2147483647;
			files = (
				04F3E0D82BF3F4FD00C63A67 /* FreshAirUITestsLaunchTests.swift in Sources */,
				04F3E0D62BF3F4FD00C63A67 /* FreshAirUITests.swift in Sources */,
			);
			runOnlyForDeploymentPostprocessing = 0;
		};
/* End PBXSourcesBuildPhase section */

/* Begin PBXTargetDependency section */
		04F3E0C92BF3F4FD00C63A67 /* PBXTargetDependency */ = {
			isa = PBXTargetDependency;
			target = 04F3E0B02BF3F4FC00C63A67 /* FreshAir */;
			targetProxy = 04F3E0C82BF3F4FD00C63A67 /* PBXContainerItemProxy */;
		};
		04F3E0D32BF3F4FD00C63A67 /* PBXTargetDependency */ = {
			isa = PBXTargetDependency;
			target = 04F3E0B02BF3F4FC00C63A67 /* FreshAir */;
			targetProxy = 04F3E0D22BF3F4FD00C63A67 /* PBXContainerItemProxy */;
		};
/* End PBXTargetDependency section */

/* Begin PBXVariantGroup section */
		04F3E0BF2BF3F4FD00C63A67 /* LaunchScreen.storyboard */ = {
			isa = PBXVariantGroup;
			children = (
				04F3E0C02BF3F4FD00C63A67 /* Base */,
			);
			name = LaunchScreen.storyboard;
			sourceTree = "<group>";
		};
/* End PBXVariantGroup section */

/* Begin XCBuildConfiguration section */
		04F3E0D92BF3F4FD00C63A67 /* Debug */ = {
			isa = XCBuildConfiguration;
			buildSettings = {
				ALWAYS_SEARCH_USER_PATHS = NO;
				ASSETCATALOG_COMPILER_GENERATE_SWIFT_ASSET_SYMBOL_EXTENSIONS = YES;
				CLANG_ANALYZER_NONNULL = YES;
				CLANG_ANALYZER_NUMBER_OBJECT_CONVERSION = YES_AGGRESSIVE;
				CLANG_CXX_LANGUAGE_STANDARD = "gnu++20";
				CLANG_ENABLE_MODULES = YES;
				CLANG_ENABLE_OBJC_ARC = YES;
				CLANG_ENABLE_OBJC_WEAK = YES;
				CLANG_WARN_BLOCK_CAPTURE_AUTORELEASING = YES;
				CLANG_WARN_BOOL_CONVERSION = YES;
				CLANG_WARN_COMMA = YES;
				CLANG_WARN_CONSTANT_CONVERSION = YES;
				CLANG_WARN_DEPRECATED_OBJC_IMPLEMENTATIONS = YES;
				CLANG_WARN_DIRECT_OBJC_ISA_USAGE = YES_ERROR;
				CLANG_WARN_DOCUMENTATION_COMMENTS = YES;
				CLANG_WARN_EMPTY_BODY = YES;
				CLANG_WARN_ENUM_CONVERSION = YES;
				CLANG_WARN_INFINITE_RECURSION = YES;
				CLANG_WARN_INT_CONVERSION = YES;
				CLANG_WARN_NON_LITERAL_NULL_CONVERSION = YES;
				CLANG_WARN_OBJC_IMPLICIT_RETAIN_SELF = YES;
				CLANG_WARN_OBJC_LITERAL_CONVERSION = YES;
				CLANG_WARN_OBJC_ROOT_CLASS = YES_ERROR;
				CLANG_WARN_QUOTED_INCLUDE_IN_FRAMEWORK_HEADER = YES;
				CLANG_WARN_RANGE_LOOP_ANALYSIS = YES;
				CLANG_WARN_STRICT_PROTOTYPES = YES;
				CLANG_WARN_SUSPICIOUS_MOVE = YES;
				CLANG_WARN_UNGUARDED_AVAILABILITY = YES_AGGRESSIVE;
				CLANG_WARN_UNREACHABLE_CODE = YES;
				CLANG_WARN__DUPLICATE_METHOD_MATCH = YES;
				COPY_PHASE_STRIP = NO;
				DEBUG_INFORMATION_FORMAT = dwarf;
				ENABLE_STRICT_OBJC_MSGSEND = YES;
				ENABLE_TESTABILITY = YES;
				ENABLE_USER_SCRIPT_SANDBOXING = YES;
				GCC_C_LANGUAGE_STANDARD = gnu17;
				GCC_DYNAMIC_NO_PIC = NO;
				GCC_NO_COMMON_BLOCKS = YES;
				GCC_OPTIMIZATION_LEVEL = 0;
				GCC_PREPROCESSOR_DEFINITIONS = (
					"DEBUG=1",
					"$(inherited)",
				);
				GCC_WARN_64_TO_32_BIT_CONVERSION = YES;
				GCC_WARN_ABOUT_RETURN_TYPE = YES_ERROR;
				GCC_WARN_UNDECLARED_SELECTOR = YES;
				GCC_WARN_UNINITIALIZED_AUTOS = YES_AGGRESSIVE;
				GCC_WARN_UNUSED_FUNCTION = YES;
				GCC_WARN_UNUSED_VARIABLE = YES;
				IPHONEOS_DEPLOYMENT_TARGET = 17.4;
				LOCALIZATION_PREFERS_STRING_CATALOGS = YES;
				MTL_ENABLE_DEBUG_INFO = INCLUDE_SOURCE;
				MTL_FAST_MATH = YES;
				ONLY_ACTIVE_ARCH = YES;
				SDKROOT = iphoneos;
				SWIFT_ACTIVE_COMPILATION_CONDITIONS = "DEBUG $(inherited)";
				SWIFT_OPTIMIZATION_LEVEL = "-Onone";
			};
			name = Debug;
		};
		04F3E0DA2BF3F4FD00C63A67 /* Release */ = {
			isa = XCBuildConfiguration;
			buildSettings = {
				ALWAYS_SEARCH_USER_PATHS = NO;
				ASSETCATALOG_COMPILER_GENERATE_SWIFT_ASSET_SYMBOL_EXTENSIONS = YES;
				CLANG_ANALYZER_NONNULL = YES;
				CLANG_ANALYZER_NUMBER_OBJECT_CONVERSION = YES_AGGRESSIVE;
				CLANG_CXX_LANGUAGE_STANDARD = "gnu++20";
				CLANG_ENABLE_MODULES = YES;
				CLANG_ENABLE_OBJC_ARC = YES;
				CLANG_ENABLE_OBJC_WEAK = YES;
				CLANG_WARN_BLOCK_CAPTURE_AUTORELEASING = YES;
				CLANG_WARN_BOOL_CONVERSION = YES;
				CLANG_WARN_COMMA = YES;
				CLANG_WARN_CONSTANT_CONVERSION = YES;
				CLANG_WARN_DEPRECATED_OBJC_IMPLEMENTATIONS = YES;
				CLANG_WARN_DIRECT_OBJC_ISA_USAGE = YES_ERROR;
				CLANG_WARN_DOCUMENTATION_COMMENTS = YES;
				CLANG_WARN_EMPTY_BODY = YES;
				CLANG_WARN_ENUM_CONVERSION = YES;
				CLANG_WARN_INFINITE_RECURSION = YES;
				CLANG_WARN_INT_CONVERSION = YES;
				CLANG_WARN_NON_LITERAL_NULL_CONVERSION = YES;
				CLANG_WARN_OBJC_IMPLICIT_RETAIN_SELF = YES;
				CLANG_WARN_OBJC_LITERAL_CONVERSION = YES;
				CLANG_WARN_OBJC_ROOT_CLASS = YES_ERROR;
				CLANG_WARN_QUOTED_INCLUDE_IN_FRAMEWORK_HEADER = YES;
				CLANG_WARN_RANGE_LOOP_ANALYSIS = YES;
				CLANG_WARN_STRICT_PROTOTYPES = YES;
				CLANG_WARN_SUSPICIOUS_MOVE = YES;
				CLANG_WARN_UNGUARDED_AVAILABILITY = YES_AGGRESSIVE;
				CLANG_WARN_UNREACHABLE_CODE = YES;
				CLANG_WARN__DUPLICATE_METHOD_MATCH = YES;
				COPY_PHASE_STRIP = NO;
				DEBUG_INFORMATION_FORMAT = "dwarf-with-dsym";
				ENABLE_NS_ASSERTIONS = NO;
				ENABLE_STRICT_OBJC_MSGSEND = YES;
				ENABLE_USER_SCRIPT_SANDBOXING = YES;
				GCC_C_LANGUAGE_STANDARD = gnu17;
				GCC_NO_COMMON_BLOCKS = YES;
				GCC_WARN_64_TO_32_BIT_CONVERSION = YES;
				GCC_WARN_ABOUT_RETURN_TYPE = YES_ERROR;
				GCC_WARN_UNDECLARED_SELECTOR = YES;
				GCC_WARN_UNINITIALIZED_AUTOS = YES_AGGRESSIVE;
				GCC_WARN_UNUSED_FUNCTION = YES;
				GCC_WARN_UNUSED_VARIABLE = YES;
				IPHONEOS_DEPLOYMENT_TARGET = 17.4;
				LOCALIZATION_PREFERS_STRING_CATALOGS = YES;
				MTL_ENABLE_DEBUG_INFO = NO;
				MTL_FAST_MATH = YES;
				SDKROOT = iphoneos;
				SWIFT_COMPILATION_MODE = wholemodule;
				VALIDATE_PRODUCT = YES;
			};
			name = Release;
		};
		04F3E0DC2BF3F4FD00C63A67 /* Debug */ = {
			isa = XCBuildConfiguration;
			buildSettings = {
				ASSETCATALOG_COMPILER_APPICON_NAME = AppIcon;
				ASSETCATALOG_COMPILER_GLOBAL_ACCENT_COLOR_NAME = AccentColor;
				CODE_SIGN_STYLE = Automatic;
				CURRENT_PROJECT_VERSION = 1;
				DEVELOPMENT_TEAM = H627294WQZ;
				GENERATE_INFOPLIST_FILE = YES;
				INFOPLIST_FILE = FreshAir/Info.plist;
				INFOPLIST_KEY_UIApplicationSupportsIndirectInputEvents = YES;
				INFOPLIST_KEY_UILaunchStoryboardName = LaunchScreen;
				INFOPLIST_KEY_UISupportedInterfaceOrientations_iPad = "UIInterfaceOrientationPortrait UIInterfaceOrientationPortraitUpsideDown UIInterfaceOrientationLandscapeLeft UIInterfaceOrientationLandscapeRight";
				INFOPLIST_KEY_UISupportedInterfaceOrientations_iPhone = "UIInterfaceOrientationPortrait UIInterfaceOrientationLandscapeLeft UIInterfaceOrientationLandscapeRight";
				LD_RUNPATH_SEARCH_PATHS = (
					"$(inherited)",
					"@executable_path/Frameworks",
				);
				MARKETING_VERSION = 1.0;
				PRODUCT_BUNDLE_IDENTIFIER = com.CodyMorley.FreshAir;
				PRODUCT_NAME = "$(TARGET_NAME)";
				SWIFT_EMIT_LOC_STRINGS = YES;
				SWIFT_VERSION = 5.0;
				TARGETED_DEVICE_FAMILY = "1,2";
			};
			name = Debug;
		};
		04F3E0DD2BF3F4FD00C63A67 /* Release */ = {
			isa = XCBuildConfiguration;
			buildSettings = {
				ASSETCATALOG_COMPILER_APPICON_NAME = AppIcon;
				ASSETCATALOG_COMPILER_GLOBAL_ACCENT_COLOR_NAME = AccentColor;
				CODE_SIGN_STYLE = Automatic;
				CURRENT_PROJECT_VERSION = 1;
				DEVELOPMENT_TEAM = H627294WQZ;
				GENERATE_INFOPLIST_FILE = YES;
				INFOPLIST_FILE = FreshAir/Info.plist;
				INFOPLIST_KEY_UIApplicationSupportsIndirectInputEvents = YES;
				INFOPLIST_KEY_UILaunchStoryboardName = LaunchScreen;
				INFOPLIST_KEY_UISupportedInterfaceOrientations_iPad = "UIInterfaceOrientationPortrait UIInterfaceOrientationPortraitUpsideDown UIInterfaceOrientationLandscapeLeft UIInterfaceOrientationLandscapeRight";
				INFOPLIST_KEY_UISupportedInterfaceOrientations_iPhone = "UIInterfaceOrientationPortrait UIInterfaceOrientationLandscapeLeft UIInterfaceOrientationLandscapeRight";
				LD_RUNPATH_SEARCH_PATHS = (
					"$(inherited)",
					"@executable_path/Frameworks",
				);
				MARKETING_VERSION = 1.0;
				PRODUCT_BUNDLE_IDENTIFIER = com.CodyMorley.FreshAir;
				PRODUCT_NAME = "$(TARGET_NAME)";
				SWIFT_EMIT_LOC_STRINGS = YES;
				SWIFT_VERSION = 5.0;
				TARGETED_DEVICE_FAMILY = "1,2";
			};
			name = Release;
		};
		04F3E0DF2BF3F4FD00C63A67 /* Debug */ = {
			isa = XCBuildConfiguration;
			buildSettings = {
				ALWAYS_EMBED_SWIFT_STANDARD_LIBRARIES = YES;
				BUNDLE_LOADER = "$(TEST_HOST)";
				CODE_SIGN_STYLE = Automatic;
				CURRENT_PROJECT_VERSION = 1;
				DEVELOPMENT_TEAM = H627294WQZ;
				GENERATE_INFOPLIST_FILE = YES;
				IPHONEOS_DEPLOYMENT_TARGET = 17.4;
				MARKETING_VERSION = 1.0;
				PRODUCT_BUNDLE_IDENTIFIER = com.CodyMorley.FreshAirTests;
				PRODUCT_NAME = "$(TARGET_NAME)";
				SWIFT_EMIT_LOC_STRINGS = NO;
				SWIFT_VERSION = 5.0;
				TARGETED_DEVICE_FAMILY = "1,2";
				TEST_HOST = "$(BUILT_PRODUCTS_DIR)/FreshAir.app/$(BUNDLE_EXECUTABLE_FOLDER_PATH)/FreshAir";
			};
			name = Debug;
		};
		04F3E0E02BF3F4FD00C63A67 /* Release */ = {
			isa = XCBuildConfiguration;
			buildSettings = {
				ALWAYS_EMBED_SWIFT_STANDARD_LIBRARIES = YES;
				BUNDLE_LOADER = "$(TEST_HOST)";
				CODE_SIGN_STYLE = Automatic;
				CURRENT_PROJECT_VERSION = 1;
				DEVELOPMENT_TEAM = H627294WQZ;
				GENERATE_INFOPLIST_FILE = YES;
				IPHONEOS_DEPLOYMENT_TARGET = 17.4;
				MARKETING_VERSION = 1.0;
				PRODUCT_BUNDLE_IDENTIFIER = com.CodyMorley.FreshAirTests;
				PRODUCT_NAME = "$(TARGET_NAME)";
				SWIFT_EMIT_LOC_STRINGS = NO;
				SWIFT_VERSION = 5.0;
				TARGETED_DEVICE_FAMILY = "1,2";
				TEST_HOST = "$(BUILT_PRODUCTS_DIR)/FreshAir.app/$(BUNDLE_EXECUTABLE_FOLDER_PATH)/FreshAir";
			};
			name = Release;
		};
		04F3E0E22BF3F4FD00C63A67 /* Debug */ = {
			isa = XCBuildConfiguration;
			buildSettings = {
				ALWAYS_EMBED_SWIFT_STANDARD_LIBRARIES = YES;
				CODE_SIGN_STYLE = Automatic;
				CURRENT_PROJECT_VERSION = 1;
				DEVELOPMENT_TEAM = H627294WQZ;
				GENERATE_INFOPLIST_FILE = YES;
				MARKETING_VERSION = 1.0;
				PRODUCT_BUNDLE_IDENTIFIER = com.CodyMorley.FreshAirUITests;
				PRODUCT_NAME = "$(TARGET_NAME)";
				SWIFT_EMIT_LOC_STRINGS = NO;
				SWIFT_VERSION = 5.0;
				TARGETED_DEVICE_FAMILY = "1,2";
				TEST_TARGET_NAME = FreshAir;
			};
			name = Debug;
		};
		04F3E0E32BF3F4FD00C63A67 /* Release */ = {
			isa = XCBuildConfiguration;
			buildSettings = {
				ALWAYS_EMBED_SWIFT_STANDARD_LIBRARIES = YES;
				CODE_SIGN_STYLE = Automatic;
				CURRENT_PROJECT_VERSION = 1;
				DEVELOPMENT_TEAM = H627294WQZ;
				GENERATE_INFOPLIST_FILE = YES;
				MARKETING_VERSION = 1.0;
				PRODUCT_BUNDLE_IDENTIFIER = com.CodyMorley.FreshAirUITests;
				PRODUCT_NAME = "$(TARGET_NAME)";
				SWIFT_EMIT_LOC_STRINGS = NO;
				SWIFT_VERSION = 5.0;
				TARGETED_DEVICE_FAMILY = "1,2";
				TEST_TARGET_NAME = FreshAir;
			};
			name = Release;
		};
/* End XCBuildConfiguration section */

/* Begin XCConfigurationList section */
		04F3E0AC2BF3F4FC00C63A67 /* Build configuration list for PBXProject "FreshAir" */ = {
			isa = XCConfigurationList;
			buildConfigurations = (
				04F3E0D92BF3F4FD00C63A67 /* Debug */,
				04F3E0DA2BF3F4FD00C63A67 /* Release */,
			);
			defaultConfigurationIsVisible = 0;
			defaultConfigurationName = Release;
		};
		04F3E0DB2BF3F4FD00C63A67 /* Build configuration list for PBXNativeTarget "FreshAir" */ = {
			isa = XCConfigurationList;
			buildConfigurations = (
				04F3E0DC2BF3F4FD00C63A67 /* Debug */,
				04F3E0DD2BF3F4FD00C63A67 /* Release */,
			);
			defaultConfigurationIsVisible = 0;
			defaultConfigurationName = Release;
		};
		04F3E0DE2BF3F4FD00C63A67 /* Build configuration list for PBXNativeTarget "FreshAirTests" */ = {
			isa = XCConfigurationList;
			buildConfigurations = (
				04F3E0DF2BF3F4FD00C63A67 /* Debug */,
				04F3E0E02BF3F4FD00C63A67 /* Release */,
			);
			defaultConfigurationIsVisible = 0;
			defaultConfigurationName = Release;
		};
		04F3E0E12BF3F4FD00C63A67 /* Build configuration list for PBXNativeTarget "FreshAirUITests" */ = {
			isa = XCConfigurationList;
			buildConfigurations = (
				04F3E0E22BF3F4FD00C63A67 /* Debug */,
				04F3E0E32BF3F4FD00C63A67 /* Release */,
			);
			defaultConfigurationIsVisible = 0;
			defaultConfigurationName = Release;
		};
/* End XCConfigurationList section */
	};
	rootObject = 04F3E0A92BF3F4FC00C63A67 /* Project object */;
}
